PODS:
  - Alamofire (4.3.0)
  - DGElasticPullToRefresh (1.1)

DEPENDENCIES:
  - Alamofire (~> 4.3)
  - DGElasticPullToRefresh (~> 1.1)

SPEC CHECKSUMS:
  Alamofire: 856a113053a7bc9cbe5d6367a555d773fc5cfef7
  DGElasticPullToRefresh: 28f11a6026302a90f8ffebbc6e24748e584dddd3

PODFILE CHECKSUM: 3e4742e90544297f4e77bd43bb4c208241b9edf9

COCOAPODS: 1.1.1
